Microsoft Visual Studio Solution File, Format Version 12.00
# Visual Studio Version 17
VisualStudioVersion = 17.5.2.0
MinimumVisualStudioVersion = 10.0.40219.1
Project("{FAE04EC0-301F-11D3-BF4B-00C04F79EFBC}") = "quantusbi", "quantusbi.csproj", "{593E9F6A-8926-4793-2DFE-02CBF9D829EF}"
EndProject
Global
	GlobalSection(SolutionConfigurationPlatforms) = preSolution
		Debug|Any CPU = Debug|Any CPU
		Release|Any CPU = Release|Any CPU
	EndGlobalSection
	GlobalSection(ProjectConfigurationPlatforms) = postSolution
		{593E9F6A-8926-4793-2DFE-02CBF9D829EF}.Debug|Any CPU.ActiveCfg = Debug|Any CPU
		{593E9F6A-8926-4793-2DFE-02CBF9D829EF}.Debug|Any CPU.Build.0 = Debug|Any CPU
		{593E9F6A-8926-4793-2DFE-02CBF9D829EF}.Release|Any CPU.ActiveCfg = Release|Any CPU
		{593E9F6A-8926-4793-2DFE-02CBF9D829EF}.Release|Any CPU.Build.0 = Release|Any CPU
	EndGlobalSection
	GlobalSection(SolutionProperties) = preSolution
		HideSolutionNode = FALSE
	EndGlobalSection
	GlobalSection(ExtensibilityGlobals) = postSolution
		SolutionGuid = {CF45807A-6AD9-410D-9C34-00F1378F1157}
	EndGlobalSection
EndGlobal
